
Microsoft Visual Studio Solution File, Format Version 12.00
# Visual Studio Version 16
VisualStudioVersion = 16.0.31112.23
MinimumVisualStudioVersion = 10.0.40219.1
Project("{9A19103F-16F7-4668-BE54-9A1E7A4F7556}") = "Lab2", "Lab2.csproj", "{455C695D-0143-4E3F-A3DE-A765EAF48F4B}"
EndProject
Project("{9A19103F-16F7-4668-BE54-9A1E7A4F7556}") = "TestLibrary", "..\TestFileWorkingUtils\TestLibrary.csproj", "{AE18F17C-8BA4-4DCE-99BE-64593AFBCE84}"
EndProject
Global
	GlobalSection(SolutionConfigurationPlatforms) = preSolution
		Debug|Any CPU = Debug|Any CPU
		Release|Any CPU = Release|Any CPU
	EndGlobalSection
	GlobalSection(ProjectConfigurationPlatforms) = postSolution
		{455C695D-0143-4E3F-A3DE-A765EAF48F4B}.Debug|Any CPU.ActiveCfg = Debug|Any CPU
		{455C695D-0143-4E3F-A3DE-A765EAF48F4B}.Debug|Any CPU.Build.0 = Debug|Any CPU
		{455C695D-0143-4E3F-A3DE-A765EAF48F4B}.Release|Any CPU.ActiveCfg = Release|Any CPU
		{455C695D-0143-4E3F-A3DE-A765EAF48F4B}.Release|Any CPU.Build.0 = Release|Any CPU
		{AE18F17C-8BA4-4DCE-99BE-64593AFBCE84}.Debug|Any CPU.ActiveCfg = Debug|Any CPU
		{AE18F17C-8BA4-4DCE-99BE-64593AFBCE84}.Debug|Any CPU.Build.0 = Debug|Any CPU
		{AE18F17C-8BA4-4DCE-99BE-64593AFBCE84}.Release|Any CPU.ActiveCfg = Release|Any CPU
		{AE18F17C-8BA4-4DCE-99BE-64593AFBCE84}.Release|Any CPU.Build.0 = Release|Any CPU
	EndGlobalSection
	GlobalSection(SolutionProperties) = preSolution
		HideSolutionNode = FALSE
	EndGlobalSection
	GlobalSection(ExtensibilityGlobals) = postSolution
		SolutionGuid = {9E202C65-68CE-4385-8548-A699F3ADA3EE}
	EndGlobalSection
EndGlobal
