
Microsoft Visual Studio Solution File, Format Version 12.00
# Visual Studio Version 16
VisualStudioVersion = 16.0.31205.134
MinimumVisualStudioVersion = 10.0.40219.1
Project("{FAE04EC0-301F-11D3-BF4B-00C04F79EFBC}") = "Lab4", "Lab4.csproj", "{D196AE64-F020-481F-A76F-D29B25EACF41}"
EndProject
Project("{FAE04EC0-301F-11D3-BF4B-00C04F79EFBC}") = "IIG.PasswordHashingUtils", "..\Materials\IIG.PasswordHashingUtils-master\IIG.PasswordHashingUtils\IIG.PasswordHashingUtils.csproj", "{685E8988-1197-431C-BB7F-5C37AA062360}"
EndProject
Project("{FAE04EC0-301F-11D3-BF4B-00C04F79EFBC}") = "TestDatabaseAndLibrariesInteraction", "..\TestDatabaseAndLibrariesInteraction\TestDatabaseAndLibrariesInteraction.csproj", "{3C51E6B4-B9CA-4523-969B-E7054F2756DC}"
EndProject
Global
	GlobalSection(SolutionConfigurationPlatforms) = preSolution
		Debug|Any CPU = Debug|Any CPU
		Release|Any CPU = Release|Any CPU
	EndGlobalSection
	GlobalSection(ProjectConfigurationPlatforms) = postSolution
		{D196AE64-F020-481F-A76F-D29B25EACF41}.Debug|Any CPU.ActiveCfg = Debug|Any CPU
		{D196AE64-F020-481F-A76F-D29B25EACF41}.Debug|Any CPU.Build.0 = Debug|Any CPU
		{D196AE64-F020-481F-A76F-D29B25EACF41}.Release|Any CPU.ActiveCfg = Release|Any CPU
		{D196AE64-F020-481F-A76F-D29B25EACF41}.Release|Any CPU.Build.0 = Release|Any CPU
		{685E8988-1197-431C-BB7F-5C37AA062360}.Debug|Any CPU.ActiveCfg = Debug|Any CPU
		{685E8988-1197-431C-BB7F-5C37AA062360}.Debug|Any CPU.Build.0 = Debug|Any CPU
		{685E8988-1197-431C-BB7F-5C37AA062360}.Release|Any CPU.ActiveCfg = Release|Any CPU
		{685E8988-1197-431C-BB7F-5C37AA062360}.Release|Any CPU.Build.0 = Release|Any CPU
		{3C51E6B4-B9CA-4523-969B-E7054F2756DC}.Debug|Any CPU.ActiveCfg = Debug|Any CPU
		{3C51E6B4-B9CA-4523-969B-E7054F2756DC}.Debug|Any CPU.Build.0 = Debug|Any CPU
		{3C51E6B4-B9CA-4523-969B-E7054F2756DC}.Release|Any CPU.ActiveCfg = Release|Any CPU
		{3C51E6B4-B9CA-4523-969B-E7054F2756DC}.Release|Any CPU.Build.0 = Release|Any CPU
	EndGlobalSection
	GlobalSection(SolutionProperties) = preSolution
		HideSolutionNode = FALSE
	EndGlobalSection
	GlobalSection(ExtensibilityGlobals) = postSolution
		SolutionGuid = {AB8C5310-A8AC-47E3-8EEC-4B53994212D9}
	EndGlobalSection
EndGlobal
